{
  "name": "ali-app",
  "version": "0.1.0",
  "lockfileVersion": 1,
  "dependencies": {
    "uploadimage_alioss": {
      "version": "1.0.1",
      "resolved": "https://registry.npmjs.org/uploadimage_alioss/-/uploadimage_alioss-1.0.1.tgz",
      "integrity": "sha512-2THCRbM0bKU1VuPq2bpZWYLtIkelWM4SiWqVuAmOY+R7aTXnPWuTn4p9hU6gDdIcXKMG1tSUc7vipWrk7ukK1g=="
    }
  }
}
